
Microsoft Visual Studio Solution File, Format Version 12.00
# Visual Studio Version 16
VisualStudioVersion = 16.0.30907.101
MinimumVisualStudioVersion = 10.0.40219.1
Project("{9A19103F-16F7-4668-BE54-9A1E7A4F7556}") = "TourPlaner", "TourPlaner.csproj", "{D2F01E9F-8EA0-4BAE-BA4E-9B1B1295ACA9}"
EndProject
Global
	GlobalSection(SolutionConfigurationPlatforms) = preSolution
		Debug|Any CPU = Debug|Any CPU
		Release|Any CPU = Release|Any CPU
	EndGlobalSection
	GlobalSection(ProjectConfigurationPlatforms) = postSolution
		{D2F01E9F-8EA0-4BAE-BA4E-9B1B1295ACA9}.Debug|Any CPU.ActiveCfg = Debug|Any CPU
		{D2F01E9F-8EA0-4BAE-BA4E-9B1B1295ACA9}.Debug|Any CPU.Build.0 = Debug|Any CPU
		{D2F01E9F-8EA0-4BAE-BA4E-9B1B1295ACA9}.Release|Any CPU.ActiveCfg = Release|Any CPU
		{D2F01E9F-8EA0-4BAE-BA4E-9B1B1295ACA9}.Release|Any CPU.Build.0 = Release|Any CPU
	EndGlobalSection
	GlobalSection(SolutionProperties) = preSolution
		HideSolutionNode = FALSE
	EndGlobalSection
	GlobalSection(ExtensibilityGlobals) = postSolution
		SolutionGuid = {3EC5CF8D-4C97-43A9-BB0F-CFD573D42776}
	EndGlobalSection
EndGlobal
