
Microsoft Visual Studio Solution File, Format Version 12.00
# Visual Studio Version 16
VisualStudioVersion = 16.0.30907.101
MinimumVisualStudioVersion = 10.0.40219.1
Project("{9A19103F-16F7-4668-BE54-9A1E7A4F7556}") = "Tourplaner_Frontend", "Tourplaner_Frontend.csproj", "{D2F01E9F-8EA0-4BAE-BA4E-9B1B1295ACA9}"
	ProjectSection(ProjectDependencies) = postProject
		{00CE0F32-FD0A-4644-B1BF-9A177AA4B802} = {00CE0F32-FD0A-4644-B1BF-9A177AA4B802}
	EndProjectSection
EndProject
Project("{9A19103F-16F7-4668-BE54-9A1E7A4F7556}") = "Tourplaner_Buisness", "..\Tourplaner_Buisness\Tourplaner_Buisness.csproj", "{00CE0F32-FD0A-4644-B1BF-9A177AA4B802}"
	ProjectSection(ProjectDependencies) = postProject
		{5C6D2887-E90A-4C85-9771-700E5B465C0C} = {5C6D2887-E90A-4C85-9771-700E5B465C0C}
	EndProjectSection
EndProject
Project("{9A19103F-16F7-4668-BE54-9A1E7A4F7556}") = "Tourplaner_Tests", "..\TourpLaner_Tests\Tourplaner_Tests.csproj", "{9FA54688-EA9D-4ED8-914F-8CEB7B8DF2DC}"
	ProjectSection(ProjectDependencies) = postProject
		{00CE0F32-FD0A-4644-B1BF-9A177AA4B802} = {00CE0F32-FD0A-4644-B1BF-9A177AA4B802}
		{5C6D2887-E90A-4C85-9771-700E5B465C0C} = {5C6D2887-E90A-4C85-9771-700E5B465C0C}
		{D2F01E9F-8EA0-4BAE-BA4E-9B1B1295ACA9} = {D2F01E9F-8EA0-4BAE-BA4E-9B1B1295ACA9}
	EndProjectSection
EndProject
Project("{9A19103F-16F7-4668-BE54-9A1E7A4F7556}") = "Tourplaner_Data", "..\Tourplaner_Data\Tourplaner_Data.csproj", "{5C6D2887-E90A-4C85-9771-700E5B465C0C}"
EndProject
Global
	GlobalSection(SolutionConfigurationPlatforms) = preSolution
		Debug|Any CPU = Debug|Any CPU
		Release|Any CPU = Release|Any CPU
	EndGlobalSection
	GlobalSection(ProjectConfigurationPlatforms) = postSolution
		{D2F01E9F-8EA0-4BAE-BA4E-9B1B1295ACA9}.Debug|Any CPU.ActiveCfg = Debug|Any CPU
		{D2F01E9F-8EA0-4BAE-BA4E-9B1B1295ACA9}.Debug|Any CPU.Build.0 = Debug|Any CPU
		{D2F01E9F-8EA0-4BAE-BA4E-9B1B1295ACA9}.Release|Any CPU.ActiveCfg = Release|Any CPU
		{D2F01E9F-8EA0-4BAE-BA4E-9B1B1295ACA9}.Release|Any CPU.Build.0 = Release|Any CPU
		{00CE0F32-FD0A-4644-B1BF-9A177AA4B802}.Debug|Any CPU.ActiveCfg = Debug|Any CPU
		{00CE0F32-FD0A-4644-B1BF-9A177AA4B802}.Debug|Any CPU.Build.0 = Debug|Any CPU
		{00CE0F32-FD0A-4644-B1BF-9A177AA4B802}.Release|Any CPU.ActiveCfg = Release|Any CPU
		{00CE0F32-FD0A-4644-B1BF-9A177AA4B802}.Release|Any CPU.Build.0 = Release|Any CPU
		{9FA54688-EA9D-4ED8-914F-8CEB7B8DF2DC}.Debug|Any CPU.ActiveCfg = Debug|Any CPU
		{9FA54688-EA9D-4ED8-914F-8CEB7B8DF2DC}.Debug|Any CPU.Build.0 = Debug|Any CPU
		{9FA54688-EA9D-4ED8-914F-8CEB7B8DF2DC}.Release|Any CPU.ActiveCfg = Release|Any CPU
		{9FA54688-EA9D-4ED8-914F-8CEB7B8DF2DC}.Release|Any CPU.Build.0 = Release|Any CPU
		{5C6D2887-E90A-4C85-9771-700E5B465C0C}.Debug|Any CPU.ActiveCfg = Debug|Any CPU
		{5C6D2887-E90A-4C85-9771-700E5B465C0C}.Debug|Any CPU.Build.0 = Debug|Any CPU
		{5C6D2887-E90A-4C85-9771-700E5B465C0C}.Release|Any CPU.ActiveCfg = Release|Any CPU
		{5C6D2887-E90A-4C85-9771-700E5B465C0C}.Release|Any CPU.Build.0 = Release|Any CPU
	EndGlobalSection
	GlobalSection(SolutionProperties) = preSolution
		HideSolutionNode = FALSE
	EndGlobalSection
	GlobalSection(ExtensibilityGlobals) = postSolution
		SolutionGuid = {3EC5CF8D-4C97-43A9-BB0F-CFD573D42776}
	EndGlobalSection
EndGlobal
